
Microsoft Visual Studio Solution File, Format Version 12.00
# Visual Studio Version 16
VisualStudioVersion = 16.0.31424.327
MinimumVisualStudioVersion = 10.0.40219.1
Project("{8BC9CEB8-8B4A-11D0-8D11-00A0C91BC942}") = "Observer", "Observer\Observer.vcxproj", "{FD691D48-5100-41E8-898C-AA7EE6457BDA}"
EndProject
Project("{8BC9CEB8-8B4A-11D0-8D11-00A0C91BC942}") = "RuntimePolymorphism", "RuntimePolymorphism\RuntimePolymorphism.vcxproj", "{457C2CFB-1E79-422C-8024-20C315E9D015}"
EndProject
Global
	GlobalSection(SolutionConfigurationPlatforms) = preSolution
		Debug|x64 = Debug|x64
		Debug|x86 = Debug|x86
		Release|x64 = Release|x64
		Release|x86 = Release|x86
	EndGlobalSection
	GlobalSection(ProjectConfigurationPlatforms) = postSolution
		{FD691D48-5100-41E8-898C-AA7EE6457BDA}.Debug|x64.ActiveCfg = Debug|x64
		{FD691D48-5100-41E8-898C-AA7EE6457BDA}.Debug|x64.Build.0 = Debug|x64
		{FD691D48-5100-41E8-898C-AA7EE6457BDA}.Debug|x86.ActiveCfg = Debug|Win32
		{FD691D48-5100-41E8-898C-AA7EE6457BDA}.Debug|x86.Build.0 = Debug|Win32
		{FD691D48-5100-41E8-898C-AA7EE6457BDA}.Release|x64.ActiveCfg = Release|x64
		{FD691D48-5100-41E8-898C-AA7EE6457BDA}.Release|x64.Build.0 = Release|x64
		{FD691D48-5100-41E8-898C-AA7EE6457BDA}.Release|x86.ActiveCfg = Release|Win32
		{FD691D48-5100-41E8-898C-AA7EE6457BDA}.Release|x86.Build.0 = Release|Win32
		{457C2CFB-1E79-422C-8024-20C315E9D015}.Debug|x64.ActiveCfg = Debug|x64
		{457C2CFB-1E79-422C-8024-20C315E9D015}.Debug|x64.Build.0 = Debug|x64
		{457C2CFB-1E79-422C-8024-20C315E9D015}.Debug|x86.ActiveCfg = Debug|Win32
		{457C2CFB-1E79-422C-8024-20C315E9D015}.Debug|x86.Build.0 = Debug|Win32
		{457C2CFB-1E79-422C-8024-20C315E9D015}.Release|x64.ActiveCfg = Release|x64
		{457C2CFB-1E79-422C-8024-20C315E9D015}.Release|x64.Build.0 = Release|x64
		{457C2CFB-1E79-422C-8024-20C315E9D015}.Release|x86.ActiveCfg = Release|Win32
		{457C2CFB-1E79-422C-8024-20C315E9D015}.Release|x86.Build.0 = Release|Win32
	EndGlobalSection
	GlobalSection(SolutionProperties) = preSolution
		HideSolutionNode = FALSE
	EndGlobalSection
	GlobalSection(ExtensibilityGlobals) = postSolution
		SolutionGuid = {85D55C71-4E06-47CC-BED5-D8F14CC56904}
	EndGlobalSection
EndGlobal
